
Microsoft Visual Studio Solution File, Format Version 12.00
# Visual Studio 2015
Project("{FAE04EC0-301F-11D3-BF4B-00C04F79EFBC}") = "ColorPewPewLaz0rrr", "Assembly-CSharp.csproj", "{1DE0476D-A5A5-C9F3-5987-E111D4AD8430}"
EndProject
Project("{FAE04EC0-301F-11D3-BF4B-00C04F79EFBC}") = "ColorPewPewLaz0rrr", "Assembly-CSharp-Editor.csproj", "{15BB35E2-FBC5-23E1-1C12-3F44C25F3D3B}"
EndProject
Global
	GlobalSection(SolutionConfigurationPlatforms) = preSolution
		Debug|Any CPU = Debug|Any CPU
		Release|Any CPU = Release|Any CPU
	EndGlobalSection
	GlobalSection(ProjectConfigurationPlatforms) = postSolution
		{1DE0476D-A5A5-C9F3-5987-E111D4AD8430}.Debug|Any CPU.ActiveCfg = Debug|Any CPU
		{1DE0476D-A5A5-C9F3-5987-E111D4AD8430}.Debug|Any CPU.Build.0 = Debug|Any CPU
		{1DE0476D-A5A5-C9F3-5987-E111D4AD8430}.Release|Any CPU.ActiveCfg = Release|Any CPU
		{1DE0476D-A5A5-C9F3-5987-E111D4AD8430}.Release|Any CPU.Build.0 = Release|Any CPU
		{15BB35E2-FBC5-23E1-1C12-3F44C25F3D3B}.Debug|Any CPU.ActiveCfg = Debug|Any CPU
		{15BB35E2-FBC5-23E1-1C12-3F44C25F3D3B}.Debug|Any CPU.Build.0 = Debug|Any CPU
		{15BB35E2-FBC5-23E1-1C12-3F44C25F3D3B}.Release|Any CPU.ActiveCfg = Release|Any CPU
		{15BB35E2-FBC5-23E1-1C12-3F44C25F3D3B}.Release|Any CPU.Build.0 = Release|Any CPU
	EndGlobalSection
	GlobalSection(SolutionProperties) = preSolution
		HideSolutionNode = FALSE
	EndGlobalSection
EndGlobal
